{
  "name": "playwright",
  "version": "1.0.0",
  "lockfileVersion": 2,
  "requires": true,
  "packages": {
    "": {
      "name": "playwright",
      "version": "1.0.0",
      "license": "ISC",
      "dependencies": {
        "playwright": "^1.32.3"
      }
    },
    "node_modules/playwright": {
      "version": "1.32.3",
      "resolved": "https://registry.npmjs.org/playwright/-/playwright-1.32.3.tgz",
      "integrity": "sha512-h/ylpgoj6l/EjkfUDyx8cdOlfzC96itPpPe8BXacFkqpw/YsuxkpPyVbzEq4jw+bAJh5FLgh31Ljg2cR6HV3uw==",
      "hasInstallScript": true,
      "dependencies": {
        "playwright-core": "1.32.3"
      },
      "bin": {
        "playwright": "cli.js"
      },
      "engines": {
        "node": ">=14"
      }
    },
    "node_modules/playwright-core": {
      "version": "1.32.3",
      "resolved": "https://registry.npmjs.org/playwright-core/-/playwright-core-1.32.3.tgz",
      "integrity": "sha512-SB+cdrnu74ZIn5Ogh/8278ngEh9NEEV0vR4sJFmK04h2iZpybfbqBY0bX6+BLYWVdV12JLLI+JEFtSnYgR+mWg==",
      "bin": {
        "playwright": "cli.js"
      },
      "engines": {
        "node": ">=14"
      }
    }
  },
  "dependencies": {
    "playwright": {
      "version": "1.32.3",
      "resolved": "https://registry.npmjs.org/playwright/-/playwright-1.32.3.tgz",
      "integrity": "sha512-h/ylpgoj6l/EjkfUDyx8cdOlfzC96itPpPe8BXacFkqpw/YsuxkpPyVbzEq4jw+bAJh5FLgh31Ljg2cR6HV3uw==",
      "requires": {
        "playwright-core": "1.32.3"
      }
    },
    "playwright-core": {
      "version": "1.32.3",
      "resolved": "https://registry.npmjs.org/playwright-core/-/playwright-core-1.32.3.tgz",
      "integrity": "sha512-SB+cdrnu74ZIn5Ogh/8278ngEh9NEEV0vR4sJFmK04h2iZpybfbqBY0bX6+BLYWVdV12JLLI+JEFtSnYgR+mWg=="
    }
  }
}
